
Microsoft Visual Studio Solution File, Format Version 12.00
# Visual Studio Version 17
VisualStudioVersion = 17.9.34607.119
MinimumVisualStudioVersion = 10.0.40219.1
Project("{FAE04EC0-301F-11D3-BF4B-00C04F79EFBC}") = "LR4", "LR4\LR4.csproj", "{35AD23AC-AE71-4657-B4F7-5E33DBB58E44}"
EndProject
Global
	GlobalSection(SolutionConfigurationPlatforms) = preSolution
		Debug|Any CPU = Debug|Any CPU
		Release|Any CPU = Release|Any CPU
	EndGlobalSection
	GlobalSection(ProjectConfigurationPlatforms) = postSolution
		{35AD23AC-AE71-4657-B4F7-5E33DBB58E44}.Debug|Any CPU.ActiveCfg = Debug|Any CPU
		{35AD23AC-AE71-4657-B4F7-5E33DBB58E44}.Debug|Any CPU.Build.0 = Debug|Any CPU
		{35AD23AC-AE71-4657-B4F7-5E33DBB58E44}.Release|Any CPU.ActiveCfg = Release|Any CPU
		{35AD23AC-AE71-4657-B4F7-5E33DBB58E44}.Release|Any CPU.Build.0 = Release|Any CPU
	EndGlobalSection
	GlobalSection(SolutionProperties) = preSolution
		HideSolutionNode = FALSE
	EndGlobalSection
	GlobalSection(ExtensibilityGlobals) = postSolution
		SolutionGuid = {8B68E85B-2AAC-49C0-8B99-7D2C6D7ECEF5}
	EndGlobalSection
EndGlobal
